
Microsoft Visual Studio Solution File, Format Version 12.00
# Visual Studio 15
VisualStudioVersion = 15.0.27703.2026
MinimumVisualStudioVersion = 10.0.40219.1
Project("{FAE04EC0-301F-11D3-BF4B-00C04F79EFBC}") = "ClassLibrary1", "ClassLibrary1\ClassLibrary1.csproj", "{37C3878B-9A6C-4B98-9467-2A4AF8D56402}"
EndProject
Global
	GlobalSection(SolutionConfigurationPlatforms) = preSolution
		Debug|Any CPU = Debug|Any CPU
		Release|Any CPU = Release|Any CPU
	EndGlobalSection
	GlobalSection(ProjectConfigurationPlatforms) = postSolution
		{37C3878B-9A6C-4B98-9467-2A4AF8D56402}.Debug|Any CPU.ActiveCfg = Debug|Any CPU
		{37C3878B-9A6C-4B98-9467-2A4AF8D56402}.Debug|Any CPU.Build.0 = Debug|Any CPU
		{37C3878B-9A6C-4B98-9467-2A4AF8D56402}.Release|Any CPU.ActiveCfg = Release|Any CPU
		{37C3878B-9A6C-4B98-9467-2A4AF8D56402}.Release|Any CPU.Build.0 = Release|Any CPU
	EndGlobalSection
	GlobalSection(SolutionProperties) = preSolution
		HideSolutionNode = FALSE
	EndGlobalSection
	GlobalSection(ExtensibilityGlobals) = postSolution
		SolutionGuid = {0EC1896C-4446-46CB-9B39-7B8101951280}
	EndGlobalSection
EndGlobal
