
Microsoft Visual Studio Solution File, Format Version 12.00
# Visual Studio 15
VisualStudioVersion = 15.0.27703.2026
MinimumVisualStudioVersion = 10.0.40219.1
Project("{FAE04EC0-301F-11D3-BF4B-00C04F79EFBC}") = "ConsoleApp1", "ConsoleApp1\ConsoleApp1.csproj", "{49469894-F2A1-472C-9CA6-7A17CE909DC5}"
EndProject
Project("{FAE04EC0-301F-11D3-BF4B-00C04F79EFBC}") = "WindowsFormsApp1", "WindowsFormsApp1\WindowsFormsApp1.csproj", "{6B7F5BFA-EE7D-4B79-B435-D713370D263F}"
EndProject
Project("{FAE04EC0-301F-11D3-BF4B-00C04F79EFBC}") = "PersonsDemo", "PersonsDemo\PersonsDemo.csproj", "{98F356E1-ED44-425F-A133-CE64CB70ED7A}"
EndProject
Global
	GlobalSection(SolutionConfigurationPlatforms) = preSolution
		Debug|Any CPU = Debug|Any CPU
		Release|Any CPU = Release|Any CPU
	EndGlobalSection
	GlobalSection(ProjectConfigurationPlatforms) = postSolution
		{49469894-F2A1-472C-9CA6-7A17CE909DC5}.Debug|Any CPU.ActiveCfg = Debug|Any CPU
		{49469894-F2A1-472C-9CA6-7A17CE909DC5}.Debug|Any CPU.Build.0 = Debug|Any CPU
		{49469894-F2A1-472C-9CA6-7A17CE909DC5}.Release|Any CPU.ActiveCfg = Release|Any CPU
		{49469894-F2A1-472C-9CA6-7A17CE909DC5}.Release|Any CPU.Build.0 = Release|Any CPU
		{6B7F5BFA-EE7D-4B79-B435-D713370D263F}.Debug|Any CPU.ActiveCfg = Debug|Any CPU
		{6B7F5BFA-EE7D-4B79-B435-D713370D263F}.Debug|Any CPU.Build.0 = Debug|Any CPU
		{6B7F5BFA-EE7D-4B79-B435-D713370D263F}.Release|Any CPU.ActiveCfg = Release|Any CPU
		{6B7F5BFA-EE7D-4B79-B435-D713370D263F}.Release|Any CPU.Build.0 = Release|Any CPU
		{98F356E1-ED44-425F-A133-CE64CB70ED7A}.Debug|Any CPU.ActiveCfg = Debug|Any CPU
		{98F356E1-ED44-425F-A133-CE64CB70ED7A}.Debug|Any CPU.Build.0 = Debug|Any CPU
		{98F356E1-ED44-425F-A133-CE64CB70ED7A}.Release|Any CPU.ActiveCfg = Release|Any CPU
		{98F356E1-ED44-425F-A133-CE64CB70ED7A}.Release|Any CPU.Build.0 = Release|Any CPU
	EndGlobalSection
	GlobalSection(SolutionProperties) = preSolution
		HideSolutionNode = FALSE
	EndGlobalSection
	GlobalSection(ExtensibilityGlobals) = postSolution
		SolutionGuid = {F5395B47-DD90-4A17-82CC-6F5449C767B2}
	EndGlobalSection
EndGlobal
