
Microsoft Visual Studio Solution File, Format Version 11.00
# Visual C# Express 2010
Project("{FAE04EC0-301F-11D3-BF4B-00C04F79EFBC}") = "LINQ_HW1", "LINQ_HW1\LINQ_HW1.csproj", "{BDF42A41-C87A-435A-8312-C6854152323A}"
EndProject
Global
	GlobalSection(SolutionConfigurationPlatforms) = preSolution
		Debug|Any CPU = Debug|Any CPU
		Release|Any CPU = Release|Any CPU
	EndGlobalSection
	GlobalSection(ProjectConfigurationPlatforms) = postSolution
		{BDF42A41-C87A-435A-8312-C6854152323A}.Debug|Any CPU.ActiveCfg = Debug|Any CPU
		{BDF42A41-C87A-435A-8312-C6854152323A}.Debug|Any CPU.Build.0 = Debug|Any CPU
		{BDF42A41-C87A-435A-8312-C6854152323A}.Release|Any CPU.ActiveCfg = Release|Any CPU
		{BDF42A41-C87A-435A-8312-C6854152323A}.Release|Any CPU.Build.0 = Release|Any CPU
	EndGlobalSection
	GlobalSection(SolutionProperties) = preSolution
		HideSolutionNode = FALSE
	EndGlobalSection
EndGlobal
