
Microsoft Visual Studio Solution File, Format Version 12.00
# Visual Studio 15
VisualStudioVersion = 15.0.27703.2026
MinimumVisualStudioVersion = 10.0.40219.1
Project("{FAE04EC0-301F-11D3-BF4B-00C04F79EFBC}") = "ConsoleApp1", "ConsoleApp1\ConsoleApp1.csproj", "{AA5AC5C1-069B-4E25-BACC-04BB676B7CBE}"
EndProject
Global
	GlobalSection(SolutionConfigurationPlatforms) = preSolution
		Debug|Any CPU = Debug|Any CPU
		Release|Any CPU = Release|Any CPU
	EndGlobalSection
	GlobalSection(ProjectConfigurationPlatforms) = postSolution
		{AA5AC5C1-069B-4E25-BACC-04BB676B7CBE}.Debug|Any CPU.ActiveCfg = Debug|Any CPU
		{AA5AC5C1-069B-4E25-BACC-04BB676B7CBE}.Debug|Any CPU.Build.0 = Debug|Any CPU
		{AA5AC5C1-069B-4E25-BACC-04BB676B7CBE}.Release|Any CPU.ActiveCfg = Release|Any CPU
		{AA5AC5C1-069B-4E25-BACC-04BB676B7CBE}.Release|Any CPU.Build.0 = Release|Any CPU
	EndGlobalSection
	GlobalSection(SolutionProperties) = preSolution
		HideSolutionNode = FALSE
	EndGlobalSection
	GlobalSection(ExtensibilityGlobals) = postSolution
		SolutionGuid = {A3B01B6E-BDF7-471F-BCAA-0BD2DECBBC68}
	EndGlobalSection
EndGlobal
