
Microsoft Visual Studio Solution File, Format Version 11.00
# Visual C# Express 2010
Project("{FAE04EC0-301F-11D3-BF4B-00C04F79EFBC}") = "Exceptions", "Exceptions.csproj", "{121066BA-8766-420A-86CC-B4F15BAD09DA}"
EndProject
Global
	GlobalSection(SolutionConfigurationPlatforms) = preSolution
		Debug|x86 = Debug|x86
		Release|x86 = Release|x86
	EndGlobalSection
	GlobalSection(ProjectConfigurationPlatforms) = postSolution
		{121066BA-8766-420A-86CC-B4F15BAD09DA}.Debug|x86.ActiveCfg = Debug|x86
		{121066BA-8766-420A-86CC-B4F15BAD09DA}.Debug|x86.Build.0 = Debug|x86
		{121066BA-8766-420A-86CC-B4F15BAD09DA}.Release|x86.ActiveCfg = Release|x86
		{121066BA-8766-420A-86CC-B4F15BAD09DA}.Release|x86.Build.0 = Release|x86
	EndGlobalSection
	GlobalSection(SolutionProperties) = preSolution
		HideSolutionNode = FALSE
	EndGlobalSection
EndGlobal
