
Microsoft Visual Studio Solution File, Format Version 11.00
# Visual C# Express 2010
Project("{FAE04EC0-301F-11D3-BF4B-00C04F79EFBC}") = "jagged array students", "jagged array students\jagged array students.csproj", "{4DB24F80-00FB-4AB5-B4AA-D34AC850058D}"
EndProject
Global
	GlobalSection(SolutionConfigurationPlatforms) = preSolution
		Debug|x86 = Debug|x86
		Release|x86 = Release|x86
	EndGlobalSection
	GlobalSection(ProjectConfigurationPlatforms) = postSolution
		{4DB24F80-00FB-4AB5-B4AA-D34AC850058D}.Debug|x86.ActiveCfg = Debug|x86
		{4DB24F80-00FB-4AB5-B4AA-D34AC850058D}.Debug|x86.Build.0 = Debug|x86
		{4DB24F80-00FB-4AB5-B4AA-D34AC850058D}.Release|x86.ActiveCfg = Release|x86
		{4DB24F80-00FB-4AB5-B4AA-D34AC850058D}.Release|x86.Build.0 = Release|x86
	EndGlobalSection
	GlobalSection(SolutionProperties) = preSolution
		HideSolutionNode = FALSE
	EndGlobalSection
EndGlobal
